
Microsoft Visual Studio Solution File, Format Version 12.00
# Visual Studio Version 17
VisualStudioVersion = 17.11.35303.130
MinimumVisualStudioVersion = 10.0.40219.1
Project("{FAE04EC0-301F-11D3-BF4B-00C04F79EFBC}") = "SvgToXamlPath", "SvgToXamlPath\SvgToXamlPath.csproj", "{C2EE9649-32BB-4F02-B8CA-600EB7B6718E}"
EndProject
Global
	GlobalSection(SolutionConfigurationPlatforms) = preSolution
		Debug|Any CPU = Debug|Any CPU
		Release|Any CPU = Release|Any CPU
	EndGlobalSection
	GlobalSection(ProjectConfigurationPlatforms) = postSolution
		{C2EE9649-32BB-4F02-B8CA-600EB7B6718E}.Debug|Any CPU.ActiveCfg = Debug|Any CPU
		{C2EE9649-32BB-4F02-B8CA-600EB7B6718E}.Debug|Any CPU.Build.0 = Debug|Any CPU
		{C2EE9649-32BB-4F02-B8CA-600EB7B6718E}.Release|Any CPU.ActiveCfg = Release|Any CPU
		{C2EE9649-32BB-4F02-B8CA-600EB7B6718E}.Release|Any CPU.Build.0 = Release|Any CPU
	EndGlobalSection
	GlobalSection(SolutionProperties) = preSolution
		HideSolutionNode = FALSE
	EndGlobalSection
	GlobalSection(ExtensibilityGlobals) = postSolution
		SolutionGuid = {F0894B5E-20A4-4CFD-9DE8-56620DFFAB51}
	EndGlobalSection
EndGlobal
